
Microsoft Visual Studio Solution File, Format Version 12.00
# Visual Studio Version 17
VisualStudioVersion = 17.12.35707.178
MinimumVisualStudioVersion = 10.0.40219.1
Project("{FAE04EC0-301F-11D3-BF4B-00C04F79EFBC}") = "algoritmalar", "algoritmalar\algoritmalar.csproj", "{59F43D63-3BEF-4A9B-9061-E64AFB2E715A}"
EndProject
Project("{FAE04EC0-301F-11D3-BF4B-00C04F79EFBC}") = "enUzunKelimeyiBulmaAlgoritmasi", "enUzunKelimeyiBulmaAlgoritmasi\enUzunKelimeyiBulmaAlgoritmasi.csproj", "{BA5B1A4D-8CFB-4652-833F-D85F2EF3B3D4}"
EndProject
Project("{FAE04EC0-301F-11D3-BF4B-00C04F79EFBC}") = "palindromAlgoritmasi", "palindromAlgoritmasi\palindromAlgoritmasi.csproj", "{54D0BD2E-5920-40D3-AD0D-A8AD354DF220}"
EndProject
Project("{FAE04EC0-301F-11D3-BF4B-00C04F79EFBC}") = "anagramAlgoritmasıı", "anagramAlgoritmasıı\anagramAlgoritmasıı.csproj", "{A111B13F-91D9-4C40-81FE-9554F7C7CEB4}"
EndProject
Project("{FAE04EC0-301F-11D3-BF4B-00C04F79EFBC}") = "gucluSayiBulmaAlgoritmasi", "gucluSayiBulmaAlgoritmasi\gucluSayiBulmaAlgoritmasi.csproj", "{4E5D6302-5BC4-48BE-9697-E01DBF62320C}"
EndProject
Project("{FAE04EC0-301F-11D3-BF4B-00C04F79EFBC}") = "orijinaslSayiBulmaAlgoritmasi", "orijinaslSayiBulmaAlgoritmasi\orijinaslSayiBulmaAlgoritmasi.csproj", "{F6709A39-440A-4E81-8EA4-A85033EE51C8}"
EndProject
Project("{FAE04EC0-301F-11D3-BF4B-00C04F79EFBC}") = "enKucukElemaninYeriniBulanAlgoritma", "enKucukElemaninYeriniBulanAlgoritma\enKucukElemaninYeriniBulanAlgoritma.csproj", "{294FE072-4FDD-4927-801B-AAE5F96DA0D5}"
EndProject
Project("{FAE04EC0-301F-11D3-BF4B-00C04F79EFBC}") = "maxMinYerDegistimeAlgoritmasi", "maxMinYerDegistimeAlgoritmasi\maxMinYerDegistimeAlgoritmasi.csproj", "{D6BD1CEF-2CF6-4DB4-8A87-8EB506B84EFA}"
EndProject
Project("{FAE04EC0-301F-11D3-BF4B-00C04F79EFBC}") = "HarftenSonrasiniYazdirmamaAlgoritmasi", "HarftenSonrasiniYazdirmamaAlgoritmasi\HarftenSonrasiniYazdirmamaAlgoritmasi.csproj", "{B9743CD0-4C41-4D42-AEDC-3A4485A4D1A4}"
EndProject
Project("{FAE04EC0-301F-11D3-BF4B-00C04F79EFBC}") = "sifreAlgoritmasi", "sifreAlgoritmasi\sifreAlgoritmasi.csproj", "{EABC3942-C3BB-4F09-9A72-18353BF82302}"
EndProject
Project("{FAE04EC0-301F-11D3-BF4B-00C04F79EFBC}") = "indirimliFiyatBulmaAlgoritmasi", "indirimliFiyatBulmaAlgoritmasi\indirimliFiyatBulmaAlgoritmasi.csproj", "{A37A25F8-4A41-4851-863C-55D0C9617A64}"
EndProject
Project("{FAE04EC0-301F-11D3-BF4B-00C04F79EFBC}") = "tekSayılarıAtlayıpÇiftSayılarıYazdıranAlgoritma", "tekSayılarıAtlayıpÇiftSayılarıYazdıranAlgoritma\tekSayılarıAtlayıpÇiftSayılarıYazdıranAlgoritma.csproj", "{DE4C955F-BB87-4FD6-903F-1C88E26B96DC}"
EndProject
Project("{FAE04EC0-301F-11D3-BF4B-00C04F79EFBC}") = "yeniSifreOlusturmaAlgoritmasi", "yeniSifreOlusturmaAlgoritmasi\yeniSifreOlusturmaAlgoritmasi.csproj", "{815E5210-EFCB-45D9-8347-C3CBDE1DED7C}"
EndProject
Project("{FAE04EC0-301F-11D3-BF4B-00C04F79EFBC}") = "ikizAsalSayiBulmaAlgoritmasi", "ikizAsalSayiBulmaAlgoritmasi\ikizAsalSayiBulmaAlgoritmasi.csproj", "{50421916-A36C-4BAA-8116-20CF856531A6}"
EndProject
Project("{FAE04EC0-301F-11D3-BF4B-00C04F79EFBC}") = "ikiSayininEbobu", "ikiSayininEbobu\ikiSayininEbobu.csproj", "{CC6AAB06-54FA-4910-A877-8DAFD76CAFA2}"
EndProject
Project("{FAE04EC0-301F-11D3-BF4B-00C04F79EFBC}") = "fibonacciAlgoritmasi", "fibonacciAlgoritmasi\fibonacciAlgoritmasi.csproj", "{857C76CE-52D4-4CE2-AE68-D11BFDE46DDF}"
EndProject
Project("{FAE04EC0-301F-11D3-BF4B-00C04F79EFBC}") = "listeninMedyaniniBulma", "listeninMedyaniniBulma\listeninMedyaniniBulma.csproj", "{92D44DA8-BAD3-40F3-81A4-D73247F53B61}"
EndProject
Project("{FAE04EC0-301F-11D3-BF4B-00C04F79EFBC}") = "fonksiyonlar", "fonksiyonlar\fonksiyonlar.csproj", "{FE885672-4B3C-4CFD-8A37-D85F5204E204}"
EndProject
Project("{FAE04EC0-301F-11D3-BF4B-00C04F79EFBC}") = "selamlaFonksiyonu", "selamlaFonksiyonu\selamlaFonksiyonu.csproj", "{936CEA14-A54B-4782-AAF2-8EEA5BCD9430}"
EndProject
Project("{FAE04EC0-301F-11D3-BF4B-00C04F79EFBC}") = "ikiTarihArasındaKacGünVarFonksiyonu", "ikiTarihArasındaKacGünVarFonksiyonu\ikiTarihArasındaKacGünVarFonksiyonu.csproj", "{94859C46-EB61-4EC2-B6CA-ADB756CDC4AF}"
EndProject
Project("{FAE04EC0-301F-11D3-BF4B-00C04F79EFBC}") = "kargoUcretiHesaplamaFonksiyonu", "kargoUcretiHesaplamaFonksiyonu\kargoUcretiHesaplamaFonksiyonu.csproj", "{22DC253D-8637-41B0-BBB5-794FA93679ED}"
EndProject
Project("{FAE04EC0-301F-11D3-BF4B-00C04F79EFBC}") = "dijitalsaatFonksiyonu", "dijitalsaatFonksiyonu\dijitalsaatFonksiyonu.csproj", "{815C87F1-0D68-4AAA-97E2-00F2186E4D56}"
EndProject
Project("{FAE04EC0-301F-11D3-BF4B-00C04F79EFBC}") = "kullaniciAdiKontrolFonksiyonu", "kullaniciAdiKontrolFonksiyonu\kullaniciAdiKontrolFonksiyonu.csproj", "{152D2C00-D9CB-4F2D-BB26-603248D9E2F6}"
EndProject
Project("{FAE04EC0-301F-11D3-BF4B-00C04F79EFBC}") = "stringCümleFonksiyonu", "stringCümleFonksiyonu\stringCümleFonksiyonu.csproj", "{356FDE43-EDA3-4573-8C0B-4255500C7506}"
EndProject
Project("{FAE04EC0-301F-11D3-BF4B-00C04F79EFBC}") = "epostaFormatiKontrolAlgoritmasi", "epostaFormatiKontrolAlgoritmasi\epostaFormatiKontrolAlgoritmasi.csproj", "{254ACE3A-23D8-4DDB-BF3D-016BE838E881}"
EndProject
Project("{FAE04EC0-301F-11D3-BF4B-00C04F79EFBC}") = "adSoyadformatFonksiyonu", "adSoyadformatFonksiyonu\adSoyadformatFonksiyonu.csproj", "{EE340B50-5BA6-47C1-8041-CB8F66DA9C43}"
EndProject
Project("{FAE04EC0-301F-11D3-BF4B-00C04F79EFBC}") = "gizliSifreAlgoritması", "gizliSifreAlgoritması\gizliSifreAlgoritması.csproj", "{8E4F76A5-FE45-41A6-82F7-DA025FA51925}"
EndProject
Project("{FAE04EC0-301F-11D3-BF4B-00C04F79EFBC}") = "kelimlerinIlkHarfiniBuyukYazanFonksiyon", "kelimlerinIlkHarfiniBuyukYazanFonksiyon\kelimlerinIlkHarfiniBuyukYazanFonksiyon.csproj", "{64069561-27A5-4CF3-BEFF-CE88F4E349A4}"
EndProject
Project("{FAE04EC0-301F-11D3-BF4B-00C04F79EFBC}") = "oldGoldenMirrorAlgorithm", "oldGoldenMirrorAlgorithm\oldGoldenMirrorAlgorithm.csproj", "{8CD7451D-1810-4352-9C6E-5EAD54694BCB}"
EndProject
Project("{FAE04EC0-301F-11D3-BF4B-00C04F79EFBC}") = "dinnerTimeAlgorithm", "dinnerTimeAlgorithm\dinnerTimeAlgorithm.csproj", "{3A2AD177-E4D1-49C2-BF4D-EF7907037C9A}"
EndProject
Project("{FAE04EC0-301F-11D3-BF4B-00C04F79EFBC}") = "oop_dersleri", "oop_dersleri\oop_dersleri.csproj", "{2304AA8C-FD6F-424A-83B2-8EBF87D2D5C8}"
EndProject
Project("{FAE04EC0-301F-11D3-BF4B-00C04F79EFBC}") = "CarClass", "CarClass\CarClass.csproj", "{80A10C12-4241-4211-90E1-4033F0D1D0D0}"
EndProject
Global
	GlobalSection(SolutionConfigurationPlatforms) = preSolution
		Debug|Any CPU = Debug|Any CPU
		Release|Any CPU = Release|Any CPU
	EndGlobalSection
	GlobalSection(ProjectConfigurationPlatforms) = postSolution
		{59F43D63-3BEF-4A9B-9061-E64AFB2E715A}.Debug|Any CPU.ActiveCfg = Debug|Any CPU
		{59F43D63-3BEF-4A9B-9061-E64AFB2E715A}.Debug|Any CPU.Build.0 = Debug|Any CPU
		{59F43D63-3BEF-4A9B-9061-E64AFB2E715A}.Release|Any CPU.ActiveCfg = Release|Any CPU
		{59F43D63-3BEF-4A9B-9061-E64AFB2E715A}.Release|Any CPU.Build.0 = Release|Any CPU
		{BA5B1A4D-8CFB-4652-833F-D85F2EF3B3D4}.Debug|Any CPU.ActiveCfg = Debug|Any CPU
		{BA5B1A4D-8CFB-4652-833F-D85F2EF3B3D4}.Debug|Any CPU.Build.0 = Debug|Any CPU
		{BA5B1A4D-8CFB-4652-833F-D85F2EF3B3D4}.Release|Any CPU.ActiveCfg = Release|Any CPU
		{BA5B1A4D-8CFB-4652-833F-D85F2EF3B3D4}.Release|Any CPU.Build.0 = Release|Any CPU
		{54D0BD2E-5920-40D3-AD0D-A8AD354DF220}.Debug|Any CPU.ActiveCfg = Debug|Any CPU
		{54D0BD2E-5920-40D3-AD0D-A8AD354DF220}.Debug|Any CPU.Build.0 = Debug|Any CPU
		{54D0BD2E-5920-40D3-AD0D-A8AD354DF220}.Release|Any CPU.ActiveCfg = Release|Any CPU
		{54D0BD2E-5920-40D3-AD0D-A8AD354DF220}.Release|Any CPU.Build.0 = Release|Any CPU
		{A111B13F-91D9-4C40-81FE-9554F7C7CEB4}.Debug|Any CPU.ActiveCfg = Debug|Any CPU
		{A111B13F-91D9-4C40-81FE-9554F7C7CEB4}.Debug|Any CPU.Build.0 = Debug|Any CPU
		{A111B13F-91D9-4C40-81FE-9554F7C7CEB4}.Release|Any CPU.ActiveCfg = Release|Any CPU
		{A111B13F-91D9-4C40-81FE-9554F7C7CEB4}.Release|Any CPU.Build.0 = Release|Any CPU
		{4E5D6302-5BC4-48BE-9697-E01DBF62320C}.Debug|Any CPU.ActiveCfg = Debug|Any CPU
		{4E5D6302-5BC4-48BE-9697-E01DBF62320C}.Debug|Any CPU.Build.0 = Debug|Any CPU
		{4E5D6302-5BC4-48BE-9697-E01DBF62320C}.Release|Any CPU.ActiveCfg = Release|Any CPU
		{4E5D6302-5BC4-48BE-9697-E01DBF62320C}.Release|Any CPU.Build.0 = Release|Any CPU
		{F6709A39-440A-4E81-8EA4-A85033EE51C8}.Debug|Any CPU.ActiveCfg = Debug|Any CPU
		{F6709A39-440A-4E81-8EA4-A85033EE51C8}.Debug|Any CPU.Build.0 = Debug|Any CPU
		{F6709A39-440A-4E81-8EA4-A85033EE51C8}.Release|Any CPU.ActiveCfg = Release|Any CPU
		{F6709A39-440A-4E81-8EA4-A85033EE51C8}.Release|Any CPU.Build.0 = Release|Any CPU
		{294FE072-4FDD-4927-801B-AAE5F96DA0D5}.Debug|Any CPU.ActiveCfg = Debug|Any CPU
		{294FE072-4FDD-4927-801B-AAE5F96DA0D5}.Debug|Any CPU.Build.0 = Debug|Any CPU
		{294FE072-4FDD-4927-801B-AAE5F96DA0D5}.Release|Any CPU.ActiveCfg = Release|Any CPU
		{294FE072-4FDD-4927-801B-AAE5F96DA0D5}.Release|Any CPU.Build.0 = Release|Any CPU
		{D6BD1CEF-2CF6-4DB4-8A87-8EB506B84EFA}.Debug|Any CPU.ActiveCfg = Debug|Any CPU
		{D6BD1CEF-2CF6-4DB4-8A87-8EB506B84EFA}.Debug|Any CPU.Build.0 = Debug|Any CPU
		{D6BD1CEF-2CF6-4DB4-8A87-8EB506B84EFA}.Release|Any CPU.ActiveCfg = Release|Any CPU
		{D6BD1CEF-2CF6-4DB4-8A87-8EB506B84EFA}.Release|Any CPU.Build.0 = Release|Any CPU
		{B9743CD0-4C41-4D42-AEDC-3A4485A4D1A4}.Debug|Any CPU.ActiveCfg = Debug|Any CPU
		{B9743CD0-4C41-4D42-AEDC-3A4485A4D1A4}.Debug|Any CPU.Build.0 = Debug|Any CPU
		{B9743CD0-4C41-4D42-AEDC-3A4485A4D1A4}.Release|Any CPU.ActiveCfg = Release|Any CPU
		{B9743CD0-4C41-4D42-AEDC-3A4485A4D1A4}.Release|Any CPU.Build.0 = Release|Any CPU
		{EABC3942-C3BB-4F09-9A72-18353BF82302}.Debug|Any CPU.ActiveCfg = Debug|Any CPU
		{EABC3942-C3BB-4F09-9A72-18353BF82302}.Debug|Any CPU.Build.0 = Debug|Any CPU
		{EABC3942-C3BB-4F09-9A72-18353BF82302}.Release|Any CPU.ActiveCfg = Release|Any CPU
		{EABC3942-C3BB-4F09-9A72-18353BF82302}.Release|Any CPU.Build.0 = Release|Any CPU
		{A37A25F8-4A41-4851-863C-55D0C9617A64}.Debug|Any CPU.ActiveCfg = Debug|Any CPU
		{A37A25F8-4A41-4851-863C-55D0C9617A64}.Debug|Any CPU.Build.0 = Debug|Any CPU
		{A37A25F8-4A41-4851-863C-55D0C9617A64}.Release|Any CPU.ActiveCfg = Release|Any CPU
		{A37A25F8-4A41-4851-863C-55D0C9617A64}.Release|Any CPU.Build.0 = Release|Any CPU
		{DE4C955F-BB87-4FD6-903F-1C88E26B96DC}.Debug|Any CPU.ActiveCfg = Debug|Any CPU
		{DE4C955F-BB87-4FD6-903F-1C88E26B96DC}.Debug|Any CPU.Build.0 = Debug|Any CPU
		{DE4C955F-BB87-4FD6-903F-1C88E26B96DC}.Release|Any CPU.ActiveCfg = Release|Any CPU
		{DE4C955F-BB87-4FD6-903F-1C88E26B96DC}.Release|Any CPU.Build.0 = Release|Any CPU
		{815E5210-EFCB-45D9-8347-C3CBDE1DED7C}.Debug|Any CPU.ActiveCfg = Debug|Any CPU
		{815E5210-EFCB-45D9-8347-C3CBDE1DED7C}.Debug|Any CPU.Build.0 = Debug|Any CPU
		{815E5210-EFCB-45D9-8347-C3CBDE1DED7C}.Release|Any CPU.ActiveCfg = Release|Any CPU
		{815E5210-EFCB-45D9-8347-C3CBDE1DED7C}.Release|Any CPU.Build.0 = Release|Any CPU
		{50421916-A36C-4BAA-8116-20CF856531A6}.Debug|Any CPU.ActiveCfg = Debug|Any CPU
		{50421916-A36C-4BAA-8116-20CF856531A6}.Debug|Any CPU.Build.0 = Debug|Any CPU
		{50421916-A36C-4BAA-8116-20CF856531A6}.Release|Any CPU.ActiveCfg = Release|Any CPU
		{50421916-A36C-4BAA-8116-20CF856531A6}.Release|Any CPU.Build.0 = Release|Any CPU
		{CC6AAB06-54FA-4910-A877-8DAFD76CAFA2}.Debug|Any CPU.ActiveCfg = Debug|Any CPU
		{CC6AAB06-54FA-4910-A877-8DAFD76CAFA2}.Debug|Any CPU.Build.0 = Debug|Any CPU
		{CC6AAB06-54FA-4910-A877-8DAFD76CAFA2}.Release|Any CPU.ActiveCfg = Release|Any CPU
		{CC6AAB06-54FA-4910-A877-8DAFD76CAFA2}.Release|Any CPU.Build.0 = Release|Any CPU
		{857C76CE-52D4-4CE2-AE68-D11BFDE46DDF}.Debug|Any CPU.ActiveCfg = Debug|Any CPU
		{857C76CE-52D4-4CE2-AE68-D11BFDE46DDF}.Debug|Any CPU.Build.0 = Debug|Any CPU
		{857C76CE-52D4-4CE2-AE68-D11BFDE46DDF}.Release|Any CPU.ActiveCfg = Release|Any CPU
		{857C76CE-52D4-4CE2-AE68-D11BFDE46DDF}.Release|Any CPU.Build.0 = Release|Any CPU
		{92D44DA8-BAD3-40F3-81A4-D73247F53B61}.Debug|Any CPU.ActiveCfg = Debug|Any CPU
		{92D44DA8-BAD3-40F3-81A4-D73247F53B61}.Debug|Any CPU.Build.0 = Debug|Any CPU
		{92D44DA8-BAD3-40F3-81A4-D73247F53B61}.Release|Any CPU.ActiveCfg = Release|Any CPU
		{92D44DA8-BAD3-40F3-81A4-D73247F53B61}.Release|Any CPU.Build.0 = Release|Any CPU
		{FE885672-4B3C-4CFD-8A37-D85F5204E204}.Debug|Any CPU.ActiveCfg = Debug|Any CPU
		{FE885672-4B3C-4CFD-8A37-D85F5204E204}.Debug|Any CPU.Build.0 = Debug|Any CPU
		{FE885672-4B3C-4CFD-8A37-D85F5204E204}.Release|Any CPU.ActiveCfg = Release|Any CPU
		{FE885672-4B3C-4CFD-8A37-D85F5204E204}.Release|Any CPU.Build.0 = Release|Any CPU
		{936CEA14-A54B-4782-AAF2-8EEA5BCD9430}.Debug|Any CPU.ActiveCfg = Debug|Any CPU
		{936CEA14-A54B-4782-AAF2-8EEA5BCD9430}.Debug|Any CPU.Build.0 = Debug|Any CPU
		{936CEA14-A54B-4782-AAF2-8EEA5BCD9430}.Release|Any CPU.ActiveCfg = Release|Any CPU
		{936CEA14-A54B-4782-AAF2-8EEA5BCD9430}.Release|Any CPU.Build.0 = Release|Any CPU
		{94859C46-EB61-4EC2-B6CA-ADB756CDC4AF}.Debug|Any CPU.ActiveCfg = Debug|Any CPU
		{94859C46-EB61-4EC2-B6CA-ADB756CDC4AF}.Debug|Any CPU.Build.0 = Debug|Any CPU
		{94859C46-EB61-4EC2-B6CA-ADB756CDC4AF}.Release|Any CPU.ActiveCfg = Release|Any CPU
		{94859C46-EB61-4EC2-B6CA-ADB756CDC4AF}.Release|Any CPU.Build.0 = Release|Any CPU
		{22DC253D-8637-41B0-BBB5-794FA93679ED}.Debug|Any CPU.ActiveCfg = Debug|Any CPU
		{22DC253D-8637-41B0-BBB5-794FA93679ED}.Debug|Any CPU.Build.0 = Debug|Any CPU
		{22DC253D-8637-41B0-BBB5-794FA93679ED}.Release|Any CPU.ActiveCfg = Release|Any CPU
		{22DC253D-8637-41B0-BBB5-794FA93679ED}.Release|Any CPU.Build.0 = Release|Any CPU
		{815C87F1-0D68-4AAA-97E2-00F2186E4D56}.Debug|Any CPU.ActiveCfg = Debug|Any CPU
		{815C87F1-0D68-4AAA-97E2-00F2186E4D56}.Debug|Any CPU.Build.0 = Debug|Any CPU
		{815C87F1-0D68-4AAA-97E2-00F2186E4D56}.Release|Any CPU.ActiveCfg = Release|Any CPU
		{815C87F1-0D68-4AAA-97E2-00F2186E4D56}.Release|Any CPU.Build.0 = Release|Any CPU
		{152D2C00-D9CB-4F2D-BB26-603248D9E2F6}.Debug|Any CPU.ActiveCfg = Debug|Any CPU
		{152D2C00-D9CB-4F2D-BB26-603248D9E2F6}.Debug|Any CPU.Build.0 = Debug|Any CPU
		{152D2C00-D9CB-4F2D-BB26-603248D9E2F6}.Release|Any CPU.ActiveCfg = Release|Any CPU
		{152D2C00-D9CB-4F2D-BB26-603248D9E2F6}.Release|Any CPU.Build.0 = Release|Any CPU
		{356FDE43-EDA3-4573-8C0B-4255500C7506}.Debug|Any CPU.ActiveCfg = Debug|Any CPU
		{356FDE43-EDA3-4573-8C0B-4255500C7506}.Debug|Any CPU.Build.0 = Debug|Any CPU
		{356FDE43-EDA3-4573-8C0B-4255500C7506}.Release|Any CPU.ActiveCfg = Release|Any CPU
		{356FDE43-EDA3-4573-8C0B-4255500C7506}.Release|Any CPU.Build.0 = Release|Any CPU
		{254ACE3A-23D8-4DDB-BF3D-016BE838E881}.Debug|Any CPU.ActiveCfg = Debug|Any CPU
		{254ACE3A-23D8-4DDB-BF3D-016BE838E881}.Debug|Any CPU.Build.0 = Debug|Any CPU
		{254ACE3A-23D8-4DDB-BF3D-016BE838E881}.Release|Any CPU.ActiveCfg = Release|Any CPU
		{254ACE3A-23D8-4DDB-BF3D-016BE838E881}.Release|Any CPU.Build.0 = Release|Any CPU
		{EE340B50-5BA6-47C1-8041-CB8F66DA9C43}.Debug|Any CPU.ActiveCfg = Debug|Any CPU
		{EE340B50-5BA6-47C1-8041-CB8F66DA9C43}.Debug|Any CPU.Build.0 = Debug|Any CPU
		{EE340B50-5BA6-47C1-8041-CB8F66DA9C43}.Release|Any CPU.ActiveCfg = Release|Any CPU
		{EE340B50-5BA6-47C1-8041-CB8F66DA9C43}.Release|Any CPU.Build.0 = Release|Any CPU
		{8E4F76A5-FE45-41A6-82F7-DA025FA51925}.Debug|Any CPU.ActiveCfg = Debug|Any CPU
		{8E4F76A5-FE45-41A6-82F7-DA025FA51925}.Debug|Any CPU.Build.0 = Debug|Any CPU
		{8E4F76A5-FE45-41A6-82F7-DA025FA51925}.Release|Any CPU.ActiveCfg = Release|Any CPU
		{8E4F76A5-FE45-41A6-82F7-DA025FA51925}.Release|Any CPU.Build.0 = Release|Any CPU
		{64069561-27A5-4CF3-BEFF-CE88F4E349A4}.Debug|Any CPU.ActiveCfg = Debug|Any CPU
		{64069561-27A5-4CF3-BEFF-CE88F4E349A4}.Debug|Any CPU.Build.0 = Debug|Any CPU
		{64069561-27A5-4CF3-BEFF-CE88F4E349A4}.Release|Any CPU.ActiveCfg = Release|Any CPU
		{64069561-27A5-4CF3-BEFF-CE88F4E349A4}.Release|Any CPU.Build.0 = Release|Any CPU
		{8CD7451D-1810-4352-9C6E-5EAD54694BCB}.Debug|Any CPU.ActiveCfg = Debug|Any CPU
		{8CD7451D-1810-4352-9C6E-5EAD54694BCB}.Debug|Any CPU.Build.0 = Debug|Any CPU
		{8CD7451D-1810-4352-9C6E-5EAD54694BCB}.Release|Any CPU.ActiveCfg = Release|Any CPU
		{8CD7451D-1810-4352-9C6E-5EAD54694BCB}.Release|Any CPU.Build.0 = Release|Any CPU
		{3A2AD177-E4D1-49C2-BF4D-EF7907037C9A}.Debug|Any CPU.ActiveCfg = Debug|Any CPU
		{3A2AD177-E4D1-49C2-BF4D-EF7907037C9A}.Debug|Any CPU.Build.0 = Debug|Any CPU
		{3A2AD177-E4D1-49C2-BF4D-EF7907037C9A}.Release|Any CPU.ActiveCfg = Release|Any CPU
		{3A2AD177-E4D1-49C2-BF4D-EF7907037C9A}.Release|Any CPU.Build.0 = Release|Any CPU
		{80A10C12-4241-4211-90E1-4033F0D1D0D0}.Debug|Any CPU.ActiveCfg = Debug|Any CPU
		{80A10C12-4241-4211-90E1-4033F0D1D0D0}.Debug|Any CPU.Build.0 = Debug|Any CPU
		{80A10C12-4241-4211-90E1-4033F0D1D0D0}.Release|Any CPU.ActiveCfg = Release|Any CPU
		{80A10C12-4241-4211-90E1-4033F0D1D0D0}.Release|Any CPU.Build.0 = Release|Any CPU
	EndGlobalSection
	GlobalSection(SolutionProperties) = preSolution
		HideSolutionNode = FALSE
	EndGlobalSection
	GlobalSection(ExtensibilityGlobals) = postSolution
		SolutionGuid = {A8CFBAA3-F28E-4860-9715-F22097D1D7D1}
	EndGlobalSection
EndGlobal
